
Microsoft Visual Studio Solution File, Format Version 12.00
# Visual Studio Version 17
VisualStudioVersion = 17.11.35303.130
MinimumVisualStudioVersion = 10.0.40219.1
Project("{FAE04EC0-301F-11D3-BF4B-00C04F79EFBC}") = "E-CommerceProject", "E-CommerceProject\E-CommerceProject.csproj", "{42FCE6A3-7AC7-48F2-A246-8930D4B5DCF2}"
EndProject
Global
	GlobalSection(SolutionConfigurationPlatforms) = preSolution
		Debug|Any CPU = Debug|Any CPU
		Release|Any CPU = Release|Any CPU
	EndGlobalSection
	GlobalSection(ProjectConfigurationPlatforms) = postSolution
		{42FCE6A3-7AC7-48F2-A246-8930D4B5DCF2}.Debug|Any CPU.ActiveCfg = Debug|Any CPU
		{42FCE6A3-7AC7-48F2-A246-8930D4B5DCF2}.Debug|Any CPU.Build.0 = Debug|Any CPU
		{42FCE6A3-7AC7-48F2-A246-8930D4B5DCF2}.Release|Any CPU.ActiveCfg = Release|Any CPU
		{42FCE6A3-7AC7-48F2-A246-8930D4B5DCF2}.Release|Any CPU.Build.0 = Release|Any CPU
	EndGlobalSection
	GlobalSection(SolutionProperties) = preSolution
		HideSolutionNode = FALSE
	EndGlobalSection
	GlobalSection(ExtensibilityGlobals) = postSolution
		SolutionGuid = {8A1AFC23-04AD-4558-9ACE-07299726D8FC}
	EndGlobalSection
EndGlobal
